
Microsoft Visual Studio Solution File, Format Version 12.00
Project("{FAE04EC0-301F-11D3-BF4B-00C04F79EFBC}") = "WatchVideoDesktop", "WatchVideoDesktop.csproj", "{9BB3D1D7-F0F6-483E-8859-F0AEE9D5A7EB}"
EndProject
Project("{FAE04EC0-301F-11D3-BF4B-00C04F79EFBC}") = "WatchVideoApi", "..\WatchVideoApi\WatchVideoApi.csproj", "{A31DCF43-4A2C-4DF1-8580-7C6DF5BD0833}"
EndProject
Global
	GlobalSection(SolutionConfigurationPlatforms) = preSolution
		Debug|Any CPU = Debug|Any CPU
		Release|Any CPU = Release|Any CPU
	EndGlobalSection
	GlobalSection(ProjectConfigurationPlatforms) = postSolution
		{9BB3D1D7-F0F6-483E-8859-F0AEE9D5A7EB}.Debug|Any CPU.ActiveCfg = Debug|Any CPU
		{9BB3D1D7-F0F6-483E-8859-F0AEE9D5A7EB}.Debug|Any CPU.Build.0 = Debug|Any CPU
		{9BB3D1D7-F0F6-483E-8859-F0AEE9D5A7EB}.Release|Any CPU.ActiveCfg = Release|Any CPU
		{9BB3D1D7-F0F6-483E-8859-F0AEE9D5A7EB}.Release|Any CPU.Build.0 = Release|Any CPU
		{A31DCF43-4A2C-4DF1-8580-7C6DF5BD0833}.Debug|Any CPU.ActiveCfg = Debug|Any CPU
		{A31DCF43-4A2C-4DF1-8580-7C6DF5BD0833}.Debug|Any CPU.Build.0 = Debug|Any CPU
		{A31DCF43-4A2C-4DF1-8580-7C6DF5BD0833}.Release|Any CPU.ActiveCfg = Release|Any CPU
		{A31DCF43-4A2C-4DF1-8580-7C6DF5BD0833}.Release|Any CPU.Build.0 = Release|Any CPU
	EndGlobalSection
EndGlobal
